
Microsoft Visual Studio Solution File, Format Version 12.00
# Visual Studio 14
VisualStudioVersion = 14.0.25420.1
MinimumVisualStudioVersion = 10.0.40219.1
Project("{FAE04EC0-301F-11D3-BF4B-00C04F79EFBC}") = "Producter", "Producter\Producter.csproj", "{0B40D411-F382-4E55-B29D-46EFE383BC6A}"
EndProject
Project("{FAE04EC0-301F-11D3-BF4B-00C04F79EFBC}") = "Customer", "Customer\Customer.csproj", "{FA3CE62D-F1DE-4343-9B69-001DDEBFEE2D}"
EndProject
Global
	GlobalSection(SolutionConfigurationPlatforms) = preSolution
		Debug|Any CPU = Debug|Any CPU
		Release|Any CPU = Release|Any CPU
	EndGlobalSection
	GlobalSection(ProjectConfigurationPlatforms) = postSolution
		{0B40D411-F382-4E55-B29D-46EFE383BC6A}.Debug|Any CPU.ActiveCfg = Debug|Any CPU
		{0B40D411-F382-4E55-B29D-46EFE383BC6A}.Debug|Any CPU.Build.0 = Debug|Any CPU
		{0B40D411-F382-4E55-B29D-46EFE383BC6A}.Release|Any CPU.ActiveCfg = Release|Any CPU
		{0B40D411-F382-4E55-B29D-46EFE383BC6A}.Release|Any CPU.Build.0 = Release|Any CPU
		{FA3CE62D-F1DE-4343-9B69-001DDEBFEE2D}.Debug|Any CPU.ActiveCfg = Debug|Any CPU
		{FA3CE62D-F1DE-4343-9B69-001DDEBFEE2D}.Debug|Any CPU.Build.0 = Debug|Any CPU
		{FA3CE62D-F1DE-4343-9B69-001DDEBFEE2D}.Release|Any CPU.ActiveCfg = Release|Any CPU
		{FA3CE62D-F1DE-4343-9B69-001DDEBFEE2D}.Release|Any CPU.Build.0 = Release|Any CPU
	EndGlobalSection
	GlobalSection(SolutionProperties) = preSolution
		HideSolutionNode = FALSE
	EndGlobalSection
EndGlobal
